
Microsoft Visual Studio Solution File, Format Version 12.00
# Visual Studio 15
VisualStudioVersion = 15.0.28307.168
MinimumVisualStudioVersion = 10.0.40219.1
Project("{2150E333-8FDC-42A3-9474-1A3956D46DE8}") = "DSS.Lucene", "DSS.Lucene", "{4E1A6B5E-37B7-4B02-809B-4468411740A9}"
EndProject
Project("{2150E333-8FDC-42A3-9474-1A3956D46DE8}") = "DSS.Presentation", "DSS.Presentation", "{72A9A813-9982-412D-9072-1188A7ECFF5D}"
EndProject
Project("{2150E333-8FDC-42A3-9474-1A3956D46DE8}") = "DSS.Data", "DSS.Data", "{6D380504-955B-4E95-90F3-78013DF7A0CC}"
EndProject
Project("{2150E333-8FDC-42A3-9474-1A3956D46DE8}") = "DSS.BusinessLogic", "DSS.BusinessLogic", "{4D1E6869-565C-4559-B462-5DB9CF679869}"
EndProject
Project("{2150E333-8FDC-42A3-9474-1A3956D46DE8}") = "DSS.Common", "DSS.Common", "{B1BF2B30-9993-45AF-A3F3-711EDC5211D0}"
EndProject
Project("{FAE04EC0-301F-11D3-BF4B-00C04F79EFBC}") = "DSS.BusinessLogic.Common", "DSS.BusinessLogic\DSS.BusinessLogic.Common\DSS.BusinessLogic.Common.csproj", "{FD7FA5EF-3E37-4343-BB66-F7E5EB86AB21}"
EndProject
Project("{FAE04EC0-301F-11D3-BF4B-00C04F79EFBC}") = "DSS.BusinessLogic.Objects", "DSS.BusinessLogic\DSS.BusinessLogic.Objects\DSS.BusinessLogic.Objects.csproj", "{4A0D7814-D873-4F4F-9A25-686549DB1813}"
EndProject
Project("{FAE04EC0-301F-11D3-BF4B-00C04F79EFBC}") = "DSS.Common.Exceptions", "DSS.Common\DSS.Common.Exceptions\DSS.Common.Exceptions.csproj", "{C86CE1D5-3570-4F5D-877A-920A0A867332}"
EndProject
Project("{FAE04EC0-301F-11D3-BF4B-00C04F79EFBC}") = "DSS.Common.ViewModels", "DSS.Common\DSS.Common.ViewModels.Common\DSS.Common.ViewModels.csproj", "{9D2B77F0-6E1E-4DD6-83D4-630C43C52B8E}"
EndProject
Project("{FAE04EC0-301F-11D3-BF4B-00C04F79EFBC}") = "DSS.Common.ViewModels.Mappings", "DSS.Common\DSS.Common.ViewModels.Common.Mappings\DSS.Common.ViewModels.Mappings.csproj", "{89C9B11B-61AE-4D2F-ABCE-85996FB6C0A1}"
EndProject
Project("{FAE04EC0-301F-11D3-BF4B-00C04F79EFBC}") = "DSS.Data.Access", "DSS.Data\DSS.Data.Access\DSS.Data.Access.csproj", "{546D8656-EDA0-4534-A149-9FA679328134}"
EndProject
Project("{FAE04EC0-301F-11D3-BF4B-00C04F79EFBC}") = "DSS.Data.Model", "DSS.Data\DSS.Data.Model\DSS.Data.Model.csproj", "{F05280DA-FF8D-4016-96FD-39235831350F}"
EndProject
Project("{FAE04EC0-301F-11D3-BF4B-00C04F79EFBC}") = "DSS.Lucene.Common", "DSS.Lucene\DSS.Lucene.Common\DSS.Lucene.Common.csproj", "{37E76748-301A-41EA-96C2-29C19AD3B39E}"
EndProject
Project("{FAE04EC0-301F-11D3-BF4B-00C04F79EFBC}") = "DSS.Lucene.Indexing", "DSS.Lucene\DSS.Lucene.Indexing\DSS.Lucene.Indexing.csproj", "{7F34AC86-2597-4479-A4CD-25D8E5136B0F}"
EndProject
Project("{FAE04EC0-301F-11D3-BF4B-00C04F79EFBC}") = "DSS.Lucene.Searching", "DSS.Lucene\DSS.Lucene.Searching\DSS.Lucene.Searching.csproj", "{06A6ECAC-6FB6-44AE-B537-2D4F8568B87A}"
EndProject
Project("{FAE04EC0-301F-11D3-BF4B-00C04F79EFBC}") = "DSS.Presentation.Web", "DSS.Presentation\DSS.Presentation.Web\DSS.Presentation.Web.csproj", "{2EEF40D8-617D-46BF-B396-A3CAE946ACEF}"
EndProject
Project("{2150E333-8FDC-42A3-9474-1A3956D46DE8}") = ".nuget", ".nuget", "{8496D2A0-D0E9-475D-9D5B-D286F3CD784E}"
	ProjectSection(SolutionItems) = preProject
		.nuget\NuGet.Config = .nuget\NuGet.Config
		.nuget\NuGet.exe = .nuget\NuGet.exe
		.nuget\NuGet.targets = .nuget\NuGet.targets
	EndProjectSection
EndProject
Project("{FAE04EC0-301F-11D3-BF4B-00C04F79EFBC}") = "DSS.Lucene.Tika", "DSS.Lucene\DSS.Lucene.Tika\DSS.Lucene.Tika.csproj", "{4C55E602-1C6C-4396-A118-70BA9A93FD97}"
EndProject
Project("{FAE04EC0-301F-11D3-BF4B-00C04F79EFBC}") = "DSS.Data.Query", "DSS.Data\DSS.Data.Query\DSS.Data.Query.csproj", "{F342069D-AF5A-45EE-AC71-9A62E2BE289E}"
EndProject
Project("{FAE04EC0-301F-11D3-BF4B-00C04F79EFBC}") = "DSS.Common.Infrastructure", "DSS.Common\DSS.Common.Infrastructure\DSS.Common.Infrastructure.csproj", "{88919D0D-F69F-4C74-B521-48431964B54D}"
EndProject
Project("{2150E333-8FDC-42A3-9474-1A3956D46DE8}") = "DSS.Testing", "DSS.Testing", "{951DF34F-2563-4ACC-8E31-DF5C6C3F9E18}"
EndProject
Project("{FAE04EC0-301F-11D3-BF4B-00C04F79EFBC}") = "DSS.Testing.Business", "DSS.Testing\DSS.Testing.Business\DSS.Testing.Business.csproj", "{5DD034DF-C143-4157-B634-FE3B68EBED10}"
EndProject
Project("{FAE04EC0-301F-11D3-BF4B-00C04F79EFBC}") = "DSS.Testing.Data", "DSS.Testing\DSS.Testing.Data\DSS.Testing.Data.csproj", "{972FA8C1-BFD9-4FAD-8B8B-D570E4B51F3B}"
EndProject
Project("{2150E333-8FDC-42A3-9474-1A3956D46DE8}") = "DSS.Bootstrap", "DSS.Bootstrap", "{5B6ED771-D382-4038-9CD6-A02B697A3EED}"
EndProject
Project("{FAE04EC0-301F-11D3-BF4B-00C04F79EFBC}") = "DSS.Bootstrap.IoC", "DSS.Bootstrap\DSS.Bootstrap.IoC\DSS.Bootstrap.IoC.csproj", "{236EF165-7A9B-4F03-9D27-C9F521C91D04}"
EndProject
Project("{FAE04EC0-301F-11D3-BF4B-00C04F79EFBC}") = "DSS.Bootstrap.Utilities", "DSS.Bootstrap.Utilities\DSS.Bootstrap.Utilities.csproj", "{8A689101-5779-4686-A16E-E7AC4EE1B79C}"
EndProject
Project("{FAE04EC0-301F-11D3-BF4B-00C04F79EFBC}") = "DSS.Bootstrap.UserTracking", "DSS.Bootstrap.UserTracking\DSS.Bootstrap.UserTracking.csproj", "{92C5DFE3-DEA6-4C41-B601-8C19717421BF}"
EndProject
Global
	GlobalSection(SolutionConfigurationPlatforms) = preSolution
		Debug|Any CPU = Debug|Any CPU
		Debug|Mixed Platforms = Debug|Mixed Platforms
		Debug|x64 = Debug|x64
		Debug|x86 = Debug|x86
		Release|Any CPU = Release|Any CPU
		Release|Mixed Platforms = Release|Mixed Platforms
		Release|x64 = Release|x64
		Release|x86 = Release|x86
	EndGlobalSection
	GlobalSection(ProjectConfigurationPlatforms) = postSolution
		{FD7FA5EF-3E37-4343-BB66-F7E5EB86AB21}.Debug|Any CPU.ActiveCfg = Debug|Any CPU
		{FD7FA5EF-3E37-4343-BB66-F7E5EB86AB21}.Debug|Any CPU.Build.0 = Debug|Any CPU
		{FD7FA5EF-3E37-4343-BB66-F7E5EB86AB21}.Debug|Mixed Platforms.ActiveCfg = Debug|Any CPU
		{FD7FA5EF-3E37-4343-BB66-F7E5EB86AB21}.Debug|Mixed Platforms.Build.0 = Debug|Any CPU
		{FD7FA5EF-3E37-4343-BB66-F7E5EB86AB21}.Debug|x64.ActiveCfg = Debug|Any CPU
		{FD7FA5EF-3E37-4343-BB66-F7E5EB86AB21}.Debug|x86.ActiveCfg = Debug|Any CPU
		{FD7FA5EF-3E37-4343-BB66-F7E5EB86AB21}.Debug|x86.Build.0 = Debug|Any CPU
		{FD7FA5EF-3E37-4343-BB66-F7E5EB86AB21}.Release|Any CPU.ActiveCfg = Release|Any CPU
		{FD7FA5EF-3E37-4343-BB66-F7E5EB86AB21}.Release|Any CPU.Build.0 = Release|Any CPU
		{FD7FA5EF-3E37-4343-BB66-F7E5EB86AB21}.Release|Mixed Platforms.ActiveCfg = Release|Any CPU
		{FD7FA5EF-3E37-4343-BB66-F7E5EB86AB21}.Release|Mixed Platforms.Build.0 = Release|Any CPU
		{FD7FA5EF-3E37-4343-BB66-F7E5EB86AB21}.Release|x64.ActiveCfg = Release|Any CPU
		{FD7FA5EF-3E37-4343-BB66-F7E5EB86AB21}.Release|x86.ActiveCfg = Release|Any CPU
		{FD7FA5EF-3E37-4343-BB66-F7E5EB86AB21}.Release|x86.Build.0 = Release|Any CPU
		{4A0D7814-D873-4F4F-9A25-686549DB1813}.Debug|Any CPU.ActiveCfg = Debug|Any CPU
		{4A0D7814-D873-4F4F-9A25-686549DB1813}.Debug|Any CPU.Build.0 = Debug|Any CPU
		{4A0D7814-D873-4F4F-9A25-686549DB1813}.Debug|Mixed Platforms.ActiveCfg = Debug|Any CPU
		{4A0D7814-D873-4F4F-9A25-686549DB1813}.Debug|Mixed Platforms.Build.0 = Debug|Any CPU
		{4A0D7814-D873-4F4F-9A25-686549DB1813}.Debug|x64.ActiveCfg = Debug|Any CPU
		{4A0D7814-D873-4F4F-9A25-686549DB1813}.Debug|x86.ActiveCfg = Debug|Any CPU
		{4A0D7814-D873-4F4F-9A25-686549DB1813}.Debug|x86.Build.0 = Debug|Any CPU
		{4A0D7814-D873-4F4F-9A25-686549DB1813}.Release|Any CPU.ActiveCfg = Release|Any CPU
		{4A0D7814-D873-4F4F-9A25-686549DB1813}.Release|Any CPU.Build.0 = Release|Any CPU
		{4A0D7814-D873-4F4F-9A25-686549DB1813}.Release|Mixed Platforms.ActiveCfg = Release|Any CPU
		{4A0D7814-D873-4F4F-9A25-686549DB1813}.Release|Mixed Platforms.Build.0 = Release|Any CPU
		{4A0D7814-D873-4F4F-9A25-686549DB1813}.Release|x64.ActiveCfg = Release|Any CPU
		{4A0D7814-D873-4F4F-9A25-686549DB1813}.Release|x86.ActiveCfg = Release|Any CPU
		{4A0D7814-D873-4F4F-9A25-686549DB1813}.Release|x86.Build.0 = Release|Any CPU
		{C86CE1D5-3570-4F5D-877A-920A0A867332}.Debug|Any CPU.ActiveCfg = Debug|Any CPU
		{C86CE1D5-3570-4F5D-877A-920A0A867332}.Debug|Any CPU.Build.0 = Debug|Any CPU
		{C86CE1D5-3570-4F5D-877A-920A0A867332}.Debug|Mixed Platforms.ActiveCfg = Debug|Any CPU
		{C86CE1D5-3570-4F5D-877A-920A0A867332}.Debug|Mixed Platforms.Build.0 = Debug|Any CPU
		{C86CE1D5-3570-4F5D-877A-920A0A867332}.Debug|x64.ActiveCfg = Debug|Any CPU
		{C86CE1D5-3570-4F5D-877A-920A0A867332}.Debug|x86.ActiveCfg = Debug|Any CPU
		{C86CE1D5-3570-4F5D-877A-920A0A867332}.Debug|x86.Build.0 = Debug|Any CPU
		{C86CE1D5-3570-4F5D-877A-920A0A867332}.Release|Any CPU.ActiveCfg = Release|Any CPU
		{C86CE1D5-3570-4F5D-877A-920A0A867332}.Release|Any CPU.Build.0 = Release|Any CPU
		{C86CE1D5-3570-4F5D-877A-920A0A867332}.Release|Mixed Platforms.ActiveCfg = Release|Any CPU
		{C86CE1D5-3570-4F5D-877A-920A0A867332}.Release|Mixed Platforms.Build.0 = Release|Any CPU
		{C86CE1D5-3570-4F5D-877A-920A0A867332}.Release|x64.ActiveCfg = Release|Any CPU
		{C86CE1D5-3570-4F5D-877A-920A0A867332}.Release|x86.ActiveCfg = Release|Any CPU
		{C86CE1D5-3570-4F5D-877A-920A0A867332}.Release|x86.Build.0 = Release|Any CPU
		{9D2B77F0-6E1E-4DD6-83D4-630C43C52B8E}.Debug|Any CPU.ActiveCfg = Debug|Any CPU
		{9D2B77F0-6E1E-4DD6-83D4-630C43C52B8E}.Debug|Any CPU.Build.0 = Debug|Any CPU
		{9D2B77F0-6E1E-4DD6-83D4-630C43C52B8E}.Debug|Mixed Platforms.ActiveCfg = Debug|Any CPU
		{9D2B77F0-6E1E-4DD6-83D4-630C43C52B8E}.Debug|Mixed Platforms.Build.0 = Debug|Any CPU
		{9D2B77F0-6E1E-4DD6-83D4-630C43C52B8E}.Debug|x64.ActiveCfg = Debug|Any CPU
		{9D2B77F0-6E1E-4DD6-83D4-630C43C52B8E}.Debug|x86.ActiveCfg = Debug|Any CPU
		{9D2B77F0-6E1E-4DD6-83D4-630C43C52B8E}.Debug|x86.Build.0 = Debug|Any CPU
		{9D2B77F0-6E1E-4DD6-83D4-630C43C52B8E}.Release|Any CPU.ActiveCfg = Release|Any CPU
		{9D2B77F0-6E1E-4DD6-83D4-630C43C52B8E}.Release|Any CPU.Build.0 = Release|Any CPU
		{9D2B77F0-6E1E-4DD6-83D4-630C43C52B8E}.Release|Mixed Platforms.ActiveCfg = Release|Any CPU
		{9D2B77F0-6E1E-4DD6-83D4-630C43C52B8E}.Release|Mixed Platforms.Build.0 = Release|Any CPU
		{9D2B77F0-6E1E-4DD6-83D4-630C43C52B8E}.Release|x64.ActiveCfg = Release|Any CPU
		{9D2B77F0-6E1E-4DD6-83D4-630C43C52B8E}.Release|x86.ActiveCfg = Release|Any CPU
		{9D2B77F0-6E1E-4DD6-83D4-630C43C52B8E}.Release|x86.Build.0 = Release|Any CPU
		{89C9B11B-61AE-4D2F-ABCE-85996FB6C0A1}.Debug|Any CPU.ActiveCfg = Debug|Any CPU
		{89C9B11B-61AE-4D2F-ABCE-85996FB6C0A1}.Debug|Any CPU.Build.0 = Debug|Any CPU
		{89C9B11B-61AE-4D2F-ABCE-85996FB6C0A1}.Debug|Mixed Platforms.ActiveCfg = Debug|Any CPU
		{89C9B11B-61AE-4D2F-ABCE-85996FB6C0A1}.Debug|Mixed Platforms.Build.0 = Debug|Any CPU
		{89C9B11B-61AE-4D2F-ABCE-85996FB6C0A1}.Debug|x64.ActiveCfg = Debug|Any CPU
		{89C9B11B-61AE-4D2F-ABCE-85996FB6C0A1}.Debug|x86.ActiveCfg = Debug|Any CPU
		{89C9B11B-61AE-4D2F-ABCE-85996FB6C0A1}.Debug|x86.Build.0 = Debug|Any CPU
		{89C9B11B-61AE-4D2F-ABCE-85996FB6C0A1}.Release|Any CPU.ActiveCfg = Release|Any CPU
		{89C9B11B-61AE-4D2F-ABCE-85996FB6C0A1}.Release|Any CPU.Build.0 = Release|Any CPU
		{89C9B11B-61AE-4D2F-ABCE-85996FB6C0A1}.Release|Mixed Platforms.ActiveCfg = Release|Any CPU
		{89C9B11B-61AE-4D2F-ABCE-85996FB6C0A1}.Release|Mixed Platforms.Build.0 = Release|Any CPU
		{89C9B11B-61AE-4D2F-ABCE-85996FB6C0A1}.Release|x64.ActiveCfg = Release|Any CPU
		{89C9B11B-61AE-4D2F-ABCE-85996FB6C0A1}.Release|x86.ActiveCfg = Release|Any CPU
		{89C9B11B-61AE-4D2F-ABCE-85996FB6C0A1}.Release|x86.Build.0 = Release|Any CPU
		{546D8656-EDA0-4534-A149-9FA679328134}.Debug|Any CPU.ActiveCfg = Debug|Any CPU
		{546D8656-EDA0-4534-A149-9FA679328134}.Debug|Any CPU.Build.0 = Debug|Any CPU
		{546D8656-EDA0-4534-A149-9FA679328134}.Debug|Mixed Platforms.ActiveCfg = Debug|Any CPU
		{546D8656-EDA0-4534-A149-9FA679328134}.Debug|Mixed Platforms.Build.0 = Debug|Any CPU
		{546D8656-EDA0-4534-A149-9FA679328134}.Debug|x64.ActiveCfg = Debug|Any CPU
		{546D8656-EDA0-4534-A149-9FA679328134}.Debug|x86.ActiveCfg = Debug|Any CPU
		{546D8656-EDA0-4534-A149-9FA679328134}.Debug|x86.Build.0 = Debug|Any CPU
		{546D8656-EDA0-4534-A149-9FA679328134}.Release|Any CPU.ActiveCfg = Release|Any CPU
		{546D8656-EDA0-4534-A149-9FA679328134}.Release|Any CPU.Build.0 = Release|Any CPU
		{546D8656-EDA0-4534-A149-9FA679328134}.Release|Mixed Platforms.ActiveCfg = Release|Any CPU
		{546D8656-EDA0-4534-A149-9FA679328134}.Release|Mixed Platforms.Build.0 = Release|Any CPU
		{546D8656-EDA0-4534-A149-9FA679328134}.Release|x64.ActiveCfg = Release|Any CPU
		{546D8656-EDA0-4534-A149-9FA679328134}.Release|x86.ActiveCfg = Release|Any CPU
		{546D8656-EDA0-4534-A149-9FA679328134}.Release|x86.Build.0 = Release|Any CPU
		{F05280DA-FF8D-4016-96FD-39235831350F}.Debug|Any CPU.ActiveCfg = Debug|Any CPU
		{F05280DA-FF8D-4016-96FD-39235831350F}.Debug|Any CPU.Build.0 = Debug|Any CPU
		{F05280DA-FF8D-4016-96FD-39235831350F}.Debug|Mixed Platforms.ActiveCfg = Debug|Any CPU
		{F05280DA-FF8D-4016-96FD-39235831350F}.Debug|Mixed Platforms.Build.0 = Debug|Any CPU
		{F05280DA-FF8D-4016-96FD-39235831350F}.Debug|x64.ActiveCfg = Debug|Any CPU
		{F05280DA-FF8D-4016-96FD-39235831350F}.Debug|x86.ActiveCfg = Debug|Any CPU
		{F05280DA-FF8D-4016-96FD-39235831350F}.Debug|x86.Build.0 = Debug|Any CPU
		{F05280DA-FF8D-4016-96FD-39235831350F}.Release|Any CPU.ActiveCfg = Release|Any CPU
		{F05280DA-FF8D-4016-96FD-39235831350F}.Release|Any CPU.Build.0 = Release|Any CPU
		{F05280DA-FF8D-4016-96FD-39235831350F}.Release|Mixed Platforms.ActiveCfg = Release|Any CPU
		{F05280DA-FF8D-4016-96FD-39235831350F}.Release|Mixed Platforms.Build.0 = Release|Any CPU
		{F05280DA-FF8D-4016-96FD-39235831350F}.Release|x64.ActiveCfg = Release|Any CPU
		{F05280DA-FF8D-4016-96FD-39235831350F}.Release|x86.ActiveCfg = Release|Any CPU
		{F05280DA-FF8D-4016-96FD-39235831350F}.Release|x86.Build.0 = Release|Any CPU
		{37E76748-301A-41EA-96C2-29C19AD3B39E}.Debug|Any CPU.ActiveCfg = Debug|Any CPU
		{37E76748-301A-41EA-96C2-29C19AD3B39E}.Debug|Any CPU.Build.0 = Debug|Any CPU
		{37E76748-301A-41EA-96C2-29C19AD3B39E}.Debug|Mixed Platforms.ActiveCfg = Debug|Any CPU
		{37E76748-301A-41EA-96C2-29C19AD3B39E}.Debug|Mixed Platforms.Build.0 = Debug|Any CPU
		{37E76748-301A-41EA-96C2-29C19AD3B39E}.Debug|x64.ActiveCfg = Debug|Any CPU
		{37E76748-301A-41EA-96C2-29C19AD3B39E}.Debug|x86.ActiveCfg = Debug|Any CPU
		{37E76748-301A-41EA-96C2-29C19AD3B39E}.Debug|x86.Build.0 = Debug|Any CPU
		{37E76748-301A-41EA-96C2-29C19AD3B39E}.Release|Any CPU.ActiveCfg = Release|Any CPU
		{37E76748-301A-41EA-96C2-29C19AD3B39E}.Release|Any CPU.Build.0 = Release|Any CPU
		{37E76748-301A-41EA-96C2-29C19AD3B39E}.Release|Mixed Platforms.ActiveCfg = Release|Any CPU
		{37E76748-301A-41EA-96C2-29C19AD3B39E}.Release|Mixed Platforms.Build.0 = Release|Any CPU
		{37E76748-301A-41EA-96C2-29C19AD3B39E}.Release|x64.ActiveCfg = Release|Any CPU
		{37E76748-301A-41EA-96C2-29C19AD3B39E}.Release|x86.ActiveCfg = Release|Any CPU
		{37E76748-301A-41EA-96C2-29C19AD3B39E}.Release|x86.Build.0 = Release|Any CPU
		{7F34AC86-2597-4479-A4CD-25D8E5136B0F}.Debug|Any CPU.ActiveCfg = Debug|Any CPU
		{7F34AC86-2597-4479-A4CD-25D8E5136B0F}.Debug|Any CPU.Build.0 = Debug|Any CPU
		{7F34AC86-2597-4479-A4CD-25D8E5136B0F}.Debug|Mixed Platforms.ActiveCfg = Debug|Any CPU
		{7F34AC86-2597-4479-A4CD-25D8E5136B0F}.Debug|Mixed Platforms.Build.0 = Debug|Any CPU
		{7F34AC86-2597-4479-A4CD-25D8E5136B0F}.Debug|x64.ActiveCfg = Debug|x64
		{7F34AC86-2597-4479-A4CD-25D8E5136B0F}.Debug|x64.Build.0 = Debug|x64
		{7F34AC86-2597-4479-A4CD-25D8E5136B0F}.Debug|x86.ActiveCfg = Debug|Any CPU
		{7F34AC86-2597-4479-A4CD-25D8E5136B0F}.Debug|x86.Build.0 = Debug|Any CPU
		{7F34AC86-2597-4479-A4CD-25D8E5136B0F}.Release|Any CPU.ActiveCfg = Release|Any CPU
		{7F34AC86-2597-4479-A4CD-25D8E5136B0F}.Release|Any CPU.Build.0 = Release|Any CPU
		{7F34AC86-2597-4479-A4CD-25D8E5136B0F}.Release|Mixed Platforms.ActiveCfg = Release|Any CPU
		{7F34AC86-2597-4479-A4CD-25D8E5136B0F}.Release|Mixed Platforms.Build.0 = Release|Any CPU
		{7F34AC86-2597-4479-A4CD-25D8E5136B0F}.Release|x64.ActiveCfg = Release|x64
		{7F34AC86-2597-4479-A4CD-25D8E5136B0F}.Release|x64.Build.0 = Release|x64
		{7F34AC86-2597-4479-A4CD-25D8E5136B0F}.Release|x86.ActiveCfg = Release|Any CPU
		{7F34AC86-2597-4479-A4CD-25D8E5136B0F}.Release|x86.Build.0 = Release|Any CPU
		{06A6ECAC-6FB6-44AE-B537-2D4F8568B87A}.Debug|Any CPU.ActiveCfg = Debug|Any CPU
		{06A6ECAC-6FB6-44AE-B537-2D4F8568B87A}.Debug|Any CPU.Build.0 = Debug|Any CPU
		{06A6ECAC-6FB6-44AE-B537-2D4F8568B87A}.Debug|Mixed Platforms.ActiveCfg = Debug|Any CPU
		{06A6ECAC-6FB6-44AE-B537-2D4F8568B87A}.Debug|Mixed Platforms.Build.0 = Debug|Any CPU
		{06A6ECAC-6FB6-44AE-B537-2D4F8568B87A}.Debug|x64.ActiveCfg = Debug|Any CPU
		{06A6ECAC-6FB6-44AE-B537-2D4F8568B87A}.Debug|x86.ActiveCfg = Debug|Any CPU
		{06A6ECAC-6FB6-44AE-B537-2D4F8568B87A}.Debug|x86.Build.0 = Debug|Any CPU
		{06A6ECAC-6FB6-44AE-B537-2D4F8568B87A}.Release|Any CPU.ActiveCfg = Release|Any CPU
		{06A6ECAC-6FB6-44AE-B537-2D4F8568B87A}.Release|Any CPU.Build.0 = Release|Any CPU
		{06A6ECAC-6FB6-44AE-B537-2D4F8568B87A}.Release|Mixed Platforms.ActiveCfg = Release|Any CPU
		{06A6ECAC-6FB6-44AE-B537-2D4F8568B87A}.Release|Mixed Platforms.Build.0 = Release|Any CPU
		{06A6ECAC-6FB6-44AE-B537-2D4F8568B87A}.Release|x64.ActiveCfg = Release|Any CPU
		{06A6ECAC-6FB6-44AE-B537-2D4F8568B87A}.Release|x86.ActiveCfg = Release|Any CPU
		{06A6ECAC-6FB6-44AE-B537-2D4F8568B87A}.Release|x86.Build.0 = Release|Any CPU
		{2EEF40D8-617D-46BF-B396-A3CAE946ACEF}.Debug|Any CPU.ActiveCfg = Debug|Any CPU
		{2EEF40D8-617D-46BF-B396-A3CAE946ACEF}.Debug|Any CPU.Build.0 = Debug|Any CPU
		{2EEF40D8-617D-46BF-B396-A3CAE946ACEF}.Debug|Mixed Platforms.ActiveCfg = Debug|Any CPU
		{2EEF40D8-617D-46BF-B396-A3CAE946ACEF}.Debug|Mixed Platforms.Build.0 = Debug|Any CPU
		{2EEF40D8-617D-46BF-B396-A3CAE946ACEF}.Debug|x64.ActiveCfg = Debug|x64
		{2EEF40D8-617D-46BF-B396-A3CAE946ACEF}.Debug|x64.Build.0 = Debug|x64
		{2EEF40D8-617D-46BF-B396-A3CAE946ACEF}.Debug|x86.ActiveCfg = Debug|Any CPU
		{2EEF40D8-617D-46BF-B396-A3CAE946ACEF}.Debug|x86.Build.0 = Debug|Any CPU
		{2EEF40D8-617D-46BF-B396-A3CAE946ACEF}.Release|Any CPU.ActiveCfg = Release|Any CPU
		{2EEF40D8-617D-46BF-B396-A3CAE946ACEF}.Release|Any CPU.Build.0 = Release|Any CPU
		{2EEF40D8-617D-46BF-B396-A3CAE946ACEF}.Release|Mixed Platforms.ActiveCfg = Release|Any CPU
		{2EEF40D8-617D-46BF-B396-A3CAE946ACEF}.Release|Mixed Platforms.Build.0 = Release|Any CPU
		{2EEF40D8-617D-46BF-B396-A3CAE946ACEF}.Release|x64.ActiveCfg = Release|x64
		{2EEF40D8-617D-46BF-B396-A3CAE946ACEF}.Release|x64.Build.0 = Release|x64
		{2EEF40D8-617D-46BF-B396-A3CAE946ACEF}.Release|x86.ActiveCfg = Release|Any CPU
		{2EEF40D8-617D-46BF-B396-A3CAE946ACEF}.Release|x86.Build.0 = Release|Any CPU
		{4C55E602-1C6C-4396-A118-70BA9A93FD97}.Debug|Any CPU.ActiveCfg = Debug|Any CPU
		{4C55E602-1C6C-4396-A118-70BA9A93FD97}.Debug|Any CPU.Build.0 = Debug|Any CPU
		{4C55E602-1C6C-4396-A118-70BA9A93FD97}.Debug|Mixed Platforms.ActiveCfg = Debug|Any CPU
		{4C55E602-1C6C-4396-A118-70BA9A93FD97}.Debug|Mixed Platforms.Build.0 = Debug|Any CPU
		{4C55E602-1C6C-4396-A118-70BA9A93FD97}.Debug|x64.ActiveCfg = Debug|Any CPU
		{4C55E602-1C6C-4396-A118-70BA9A93FD97}.Debug|x86.ActiveCfg = Debug|Any CPU
		{4C55E602-1C6C-4396-A118-70BA9A93FD97}.Debug|x86.Build.0 = Debug|Any CPU
		{4C55E602-1C6C-4396-A118-70BA9A93FD97}.Release|Any CPU.ActiveCfg = Release|Any CPU
		{4C55E602-1C6C-4396-A118-70BA9A93FD97}.Release|Any CPU.Build.0 = Release|Any CPU
		{4C55E602-1C6C-4396-A118-70BA9A93FD97}.Release|Mixed Platforms.ActiveCfg = Release|Any CPU
		{4C55E602-1C6C-4396-A118-70BA9A93FD97}.Release|Mixed Platforms.Build.0 = Release|Any CPU
		{4C55E602-1C6C-4396-A118-70BA9A93FD97}.Release|x64.ActiveCfg = Release|Any CPU
		{4C55E602-1C6C-4396-A118-70BA9A93FD97}.Release|x86.ActiveCfg = Release|Any CPU
		{4C55E602-1C6C-4396-A118-70BA9A93FD97}.Release|x86.Build.0 = Release|Any CPU
		{F342069D-AF5A-45EE-AC71-9A62E2BE289E}.Debug|Any CPU.ActiveCfg = Debug|Any CPU
		{F342069D-AF5A-45EE-AC71-9A62E2BE289E}.Debug|Any CPU.Build.0 = Debug|Any CPU
		{F342069D-AF5A-45EE-AC71-9A62E2BE289E}.Debug|Mixed Platforms.ActiveCfg = Debug|Any CPU
		{F342069D-AF5A-45EE-AC71-9A62E2BE289E}.Debug|Mixed Platforms.Build.0 = Debug|Any CPU
		{F342069D-AF5A-45EE-AC71-9A62E2BE289E}.Debug|x64.ActiveCfg = Debug|Any CPU
		{F342069D-AF5A-45EE-AC71-9A62E2BE289E}.Debug|x86.ActiveCfg = Debug|Any CPU
		{F342069D-AF5A-45EE-AC71-9A62E2BE289E}.Debug|x86.Build.0 = Debug|Any CPU
		{F342069D-AF5A-45EE-AC71-9A62E2BE289E}.Release|Any CPU.ActiveCfg = Release|Any CPU
		{F342069D-AF5A-45EE-AC71-9A62E2BE289E}.Release|Any CPU.Build.0 = Release|Any CPU
		{F342069D-AF5A-45EE-AC71-9A62E2BE289E}.Release|Mixed Platforms.ActiveCfg = Release|Any CPU
		{F342069D-AF5A-45EE-AC71-9A62E2BE289E}.Release|Mixed Platforms.Build.0 = Release|Any CPU
		{F342069D-AF5A-45EE-AC71-9A62E2BE289E}.Release|x64.ActiveCfg = Release|Any CPU
		{F342069D-AF5A-45EE-AC71-9A62E2BE289E}.Release|x86.ActiveCfg = Release|Any CPU
		{88919D0D-F69F-4C74-B521-48431964B54D}.Debug|Any CPU.ActiveCfg = Debug|Any CPU
		{88919D0D-F69F-4C74-B521-48431964B54D}.Debug|Any CPU.Build.0 = Debug|Any CPU
		{88919D0D-F69F-4C74-B521-48431964B54D}.Debug|Mixed Platforms.ActiveCfg = Debug|Any CPU
		{88919D0D-F69F-4C74-B521-48431964B54D}.Debug|Mixed Platforms.Build.0 = Debug|Any CPU
		{88919D0D-F69F-4C74-B521-48431964B54D}.Debug|x64.ActiveCfg = Debug|Any CPU
		{88919D0D-F69F-4C74-B521-48431964B54D}.Debug|x86.ActiveCfg = Debug|Any CPU
		{88919D0D-F69F-4C74-B521-48431964B54D}.Release|Any CPU.ActiveCfg = Release|Any CPU
		{88919D0D-F69F-4C74-B521-48431964B54D}.Release|Any CPU.Build.0 = Release|Any CPU
		{88919D0D-F69F-4C74-B521-48431964B54D}.Release|Mixed Platforms.ActiveCfg = Release|Any CPU
		{88919D0D-F69F-4C74-B521-48431964B54D}.Release|Mixed Platforms.Build.0 = Release|Any CPU
		{88919D0D-F69F-4C74-B521-48431964B54D}.Release|x64.ActiveCfg = Release|Any CPU
		{88919D0D-F69F-4C74-B521-48431964B54D}.Release|x86.ActiveCfg = Release|Any CPU
		{5DD034DF-C143-4157-B634-FE3B68EBED10}.Debug|Any CPU.ActiveCfg = Debug|Any CPU
		{5DD034DF-C143-4157-B634-FE3B68EBED10}.Debug|Any CPU.Build.0 = Debug|Any CPU
		{5DD034DF-C143-4157-B634-FE3B68EBED10}.Debug|Mixed Platforms.ActiveCfg = Debug|Any CPU
		{5DD034DF-C143-4157-B634-FE3B68EBED10}.Debug|Mixed Platforms.Build.0 = Debug|Any CPU
		{5DD034DF-C143-4157-B634-FE3B68EBED10}.Debug|x64.ActiveCfg = Debug|Any CPU
		{5DD034DF-C143-4157-B634-FE3B68EBED10}.Debug|x86.ActiveCfg = Debug|Any CPU
		{5DD034DF-C143-4157-B634-FE3B68EBED10}.Release|Any CPU.ActiveCfg = Release|Any CPU
		{5DD034DF-C143-4157-B634-FE3B68EBED10}.Release|Any CPU.Build.0 = Release|Any CPU
		{5DD034DF-C143-4157-B634-FE3B68EBED10}.Release|Mixed Platforms.ActiveCfg = Release|Any CPU
		{5DD034DF-C143-4157-B634-FE3B68EBED10}.Release|Mixed Platforms.Build.0 = Release|Any CPU
		{5DD034DF-C143-4157-B634-FE3B68EBED10}.Release|x64.ActiveCfg = Release|Any CPU
		{5DD034DF-C143-4157-B634-FE3B68EBED10}.Release|x86.ActiveCfg = Release|Any CPU
		{972FA8C1-BFD9-4FAD-8B8B-D570E4B51F3B}.Debug|Any CPU.ActiveCfg = Debug|Any CPU
		{972FA8C1-BFD9-4FAD-8B8B-D570E4B51F3B}.Debug|Any CPU.Build.0 = Debug|Any CPU
		{972FA8C1-BFD9-4FAD-8B8B-D570E4B51F3B}.Debug|Mixed Platforms.ActiveCfg = Debug|Any CPU
		{972FA8C1-BFD9-4FAD-8B8B-D570E4B51F3B}.Debug|Mixed Platforms.Build.0 = Debug|Any CPU
		{972FA8C1-BFD9-4FAD-8B8B-D570E4B51F3B}.Debug|x64.ActiveCfg = Debug|Any CPU
		{972FA8C1-BFD9-4FAD-8B8B-D570E4B51F3B}.Debug|x86.ActiveCfg = Debug|Any CPU
		{972FA8C1-BFD9-4FAD-8B8B-D570E4B51F3B}.Release|Any CPU.ActiveCfg = Release|Any CPU
		{972FA8C1-BFD9-4FAD-8B8B-D570E4B51F3B}.Release|Any CPU.Build.0 = Release|Any CPU
		{972FA8C1-BFD9-4FAD-8B8B-D570E4B51F3B}.Release|Mixed Platforms.ActiveCfg = Release|Any CPU
		{972FA8C1-BFD9-4FAD-8B8B-D570E4B51F3B}.Release|Mixed Platforms.Build.0 = Release|Any CPU
		{972FA8C1-BFD9-4FAD-8B8B-D570E4B51F3B}.Release|x64.ActiveCfg = Release|Any CPU
		{972FA8C1-BFD9-4FAD-8B8B-D570E4B51F3B}.Release|x86.ActiveCfg = Release|Any CPU
		{236EF165-7A9B-4F03-9D27-C9F521C91D04}.Debug|Any CPU.ActiveCfg = Debug|Any CPU
		{236EF165-7A9B-4F03-9D27-C9F521C91D04}.Debug|Any CPU.Build.0 = Debug|Any CPU
		{236EF165-7A9B-4F03-9D27-C9F521C91D04}.Debug|Mixed Platforms.ActiveCfg = Debug|Any CPU
		{236EF165-7A9B-4F03-9D27-C9F521C91D04}.Debug|Mixed Platforms.Build.0 = Debug|Any CPU
		{236EF165-7A9B-4F03-9D27-C9F521C91D04}.Debug|x64.ActiveCfg = Debug|Any CPU
		{236EF165-7A9B-4F03-9D27-C9F521C91D04}.Debug|x86.ActiveCfg = Debug|Any CPU
		{236EF165-7A9B-4F03-9D27-C9F521C91D04}.Release|Any CPU.ActiveCfg = Release|Any CPU
		{236EF165-7A9B-4F03-9D27-C9F521C91D04}.Release|Any CPU.Build.0 = Release|Any CPU
		{236EF165-7A9B-4F03-9D27-C9F521C91D04}.Release|Mixed Platforms.ActiveCfg = Release|Any CPU
		{236EF165-7A9B-4F03-9D27-C9F521C91D04}.Release|Mixed Platforms.Build.0 = Release|Any CPU
		{236EF165-7A9B-4F03-9D27-C9F521C91D04}.Release|x64.ActiveCfg = Release|Any CPU
		{236EF165-7A9B-4F03-9D27-C9F521C91D04}.Release|x86.ActiveCfg = Release|Any CPU
		{8A689101-5779-4686-A16E-E7AC4EE1B79C}.Debug|Any CPU.ActiveCfg = Debug|Any CPU
		{8A689101-5779-4686-A16E-E7AC4EE1B79C}.Debug|Any CPU.Build.0 = Debug|Any CPU
		{8A689101-5779-4686-A16E-E7AC4EE1B79C}.Debug|Mixed Platforms.ActiveCfg = Debug|Any CPU
		{8A689101-5779-4686-A16E-E7AC4EE1B79C}.Debug|Mixed Platforms.Build.0 = Debug|Any CPU
		{8A689101-5779-4686-A16E-E7AC4EE1B79C}.Debug|x64.ActiveCfg = Debug|Any CPU
		{8A689101-5779-4686-A16E-E7AC4EE1B79C}.Debug|x86.ActiveCfg = Debug|Any CPU
		{8A689101-5779-4686-A16E-E7AC4EE1B79C}.Release|Any CPU.ActiveCfg = Release|Any CPU
		{8A689101-5779-4686-A16E-E7AC4EE1B79C}.Release|Any CPU.Build.0 = Release|Any CPU
		{8A689101-5779-4686-A16E-E7AC4EE1B79C}.Release|Mixed Platforms.ActiveCfg = Release|Any CPU
		{8A689101-5779-4686-A16E-E7AC4EE1B79C}.Release|Mixed Platforms.Build.0 = Release|Any CPU
		{8A689101-5779-4686-A16E-E7AC4EE1B79C}.Release|x64.ActiveCfg = Release|Any CPU
		{8A689101-5779-4686-A16E-E7AC4EE1B79C}.Release|x86.ActiveCfg = Release|Any CPU
		{92C5DFE3-DEA6-4C41-B601-8C19717421BF}.Debug|Any CPU.ActiveCfg = Debug|Any CPU
		{92C5DFE3-DEA6-4C41-B601-8C19717421BF}.Debug|Any CPU.Build.0 = Debug|Any CPU
		{92C5DFE3-DEA6-4C41-B601-8C19717421BF}.Debug|Mixed Platforms.ActiveCfg = Debug|Any CPU
		{92C5DFE3-DEA6-4C41-B601-8C19717421BF}.Debug|Mixed Platforms.Build.0 = Debug|Any CPU
		{92C5DFE3-DEA6-4C41-B601-8C19717421BF}.Debug|x64.ActiveCfg = Debug|Any CPU
		{92C5DFE3-DEA6-4C41-B601-8C19717421BF}.Debug|x86.ActiveCfg = Debug|Any CPU
		{92C5DFE3-DEA6-4C41-B601-8C19717421BF}.Release|Any CPU.ActiveCfg = Release|Any CPU
		{92C5DFE3-DEA6-4C41-B601-8C19717421BF}.Release|Any CPU.Build.0 = Release|Any CPU
		{92C5DFE3-DEA6-4C41-B601-8C19717421BF}.Release|Mixed Platforms.ActiveCfg = Release|Any CPU
		{92C5DFE3-DEA6-4C41-B601-8C19717421BF}.Release|Mixed Platforms.Build.0 = Release|Any CPU
		{92C5DFE3-DEA6-4C41-B601-8C19717421BF}.Release|x64.ActiveCfg = Release|Any CPU
		{92C5DFE3-DEA6-4C41-B601-8C19717421BF}.Release|x86.ActiveCfg = Release|Any CPU
	EndGlobalSection
	GlobalSection(SolutionProperties) = preSolution
		HideSolutionNode = FALSE
	EndGlobalSection
	GlobalSection(NestedProjects) = preSolution
		{FD7FA5EF-3E37-4343-BB66-F7E5EB86AB21} = {4D1E6869-565C-4559-B462-5DB9CF679869}
		{4A0D7814-D873-4F4F-9A25-686549DB1813} = {4D1E6869-565C-4559-B462-5DB9CF679869}
		{C86CE1D5-3570-4F5D-877A-920A0A867332} = {B1BF2B30-9993-45AF-A3F3-711EDC5211D0}
		{9D2B77F0-6E1E-4DD6-83D4-630C43C52B8E} = {B1BF2B30-9993-45AF-A3F3-711EDC5211D0}
		{89C9B11B-61AE-4D2F-ABCE-85996FB6C0A1} = {B1BF2B30-9993-45AF-A3F3-711EDC5211D0}
		{546D8656-EDA0-4534-A149-9FA679328134} = {6D380504-955B-4E95-90F3-78013DF7A0CC}
		{F05280DA-FF8D-4016-96FD-39235831350F} = {6D380504-955B-4E95-90F3-78013DF7A0CC}
		{37E76748-301A-41EA-96C2-29C19AD3B39E} = {4E1A6B5E-37B7-4B02-809B-4468411740A9}
		{7F34AC86-2597-4479-A4CD-25D8E5136B0F} = {4E1A6B5E-37B7-4B02-809B-4468411740A9}
		{06A6ECAC-6FB6-44AE-B537-2D4F8568B87A} = {4E1A6B5E-37B7-4B02-809B-4468411740A9}
		{2EEF40D8-617D-46BF-B396-A3CAE946ACEF} = {72A9A813-9982-412D-9072-1188A7ECFF5D}
		{4C55E602-1C6C-4396-A118-70BA9A93FD97} = {4E1A6B5E-37B7-4B02-809B-4468411740A9}
		{F342069D-AF5A-45EE-AC71-9A62E2BE289E} = {6D380504-955B-4E95-90F3-78013DF7A0CC}
		{88919D0D-F69F-4C74-B521-48431964B54D} = {B1BF2B30-9993-45AF-A3F3-711EDC5211D0}
		{5DD034DF-C143-4157-B634-FE3B68EBED10} = {951DF34F-2563-4ACC-8E31-DF5C6C3F9E18}
		{972FA8C1-BFD9-4FAD-8B8B-D570E4B51F3B} = {951DF34F-2563-4ACC-8E31-DF5C6C3F9E18}
		{236EF165-7A9B-4F03-9D27-C9F521C91D04} = {5B6ED771-D382-4038-9CD6-A02B697A3EED}
		{8A689101-5779-4686-A16E-E7AC4EE1B79C} = {5B6ED771-D382-4038-9CD6-A02B697A3EED}
		{92C5DFE3-DEA6-4C41-B601-8C19717421BF} = {5B6ED771-D382-4038-9CD6-A02B697A3EED}
	EndGlobalSection
	GlobalSection(ExtensibilityGlobals) = postSolution
		SolutionGuid = {553E2D21-3A16-4AC4-A755-08D3B6CF0A33}
	EndGlobalSection
EndGlobal
